
Microsoft Visual Studio Solution File, Format Version 11.00
# Visual Studio 2010
Project("{FAE04EC0-301F-11D3-BF4B-00C04F79EFBC}") = "PhotonUnityNetworking.Utilities", "PhotonUnityNetworking.Utilities.csproj", "{BA471C55-309B-BCC9-4932-A8F040CEE7FE}"
EndProject
Project("{FAE04EC0-301F-11D3-BF4B-00C04F79EFBC}") = "Assembly-CSharp", "Assembly-CSharp.csproj", "{4C29D328-2221-BEEB-FDBB-E772EA262183}"
EndProject
Project("{FAE04EC0-301F-11D3-BF4B-00C04F79EFBC}") = "PhotonChat", "PhotonChat.csproj", "{1DB79010-3486-AA9E-77E2-D05B3D42E410}"
EndProject
Project("{FAE04EC0-301F-11D3-BF4B-00C04F79EFBC}") = "PhotonUnityNetworking", "PhotonUnityNetworking.csproj", "{11A50572-0401-9B8D-15EA-F3DAEA8F4479}"
EndProject
Project("{FAE04EC0-301F-11D3-BF4B-00C04F79EFBC}") = "PhotonRealtime", "PhotonRealtime.csproj", "{0DFAEB49-923E-B297-B0C2-351FB14AF2C9}"
EndProject
Project("{FAE04EC0-301F-11D3-BF4B-00C04F79EFBC}") = "PhotonWebSocket", "PhotonWebSocket.csproj", "{66268B40-D8ED-CAB2-0197-AC4A22957BB7}"
EndProject
Project("{FAE04EC0-301F-11D3-BF4B-00C04F79EFBC}") = "PhotonUnityNetworking.Editor", "PhotonUnityNetworking.Editor.csproj", "{99CC1DC8-0CC9-E734-8DAC-EC9CEE51BC28}"
EndProject
Project("{FAE04EC0-301F-11D3-BF4B-00C04F79EFBC}") = "PhotonUnityNetworking.Utilities.PhotonPlayer.Editor", "PhotonUnityNetworking.Utilities.PhotonPlayer.Editor.csproj", "{20993762-DDF6-54A5-420D-99FED77DD922}"
EndProject
Project("{FAE04EC0-301F-11D3-BF4B-00C04F79EFBC}") = "PhotonUnityNetworking.Utilities.Culling.Editor", "PhotonUnityNetworking.Utilities.Culling.Editor.csproj", "{B00E57ED-4BCC-0240-EDCD-4559F3BC3964}"
EndProject
Global
	GlobalSection(SolutionConfigurationPlatforms) = preSolution
		Debug|Any CPU = Debug|Any CPU
		Release|Any CPU = Release|Any CPU
	EndGlobalSection
	GlobalSection(ProjectConfigurationPlatforms) = postSolution
		{BA471C55-309B-BCC9-4932-A8F040CEE7FE}.Debug|Any CPU.ActiveCfg = Debug|Any CPU
		{BA471C55-309B-BCC9-4932-A8F040CEE7FE}.Debug|Any CPU.Build.0 = Debug|Any CPU
		{BA471C55-309B-BCC9-4932-A8F040CEE7FE}.Release|Any CPU.ActiveCfg = Release|Any CPU
		{BA471C55-309B-BCC9-4932-A8F040CEE7FE}.Release|Any CPU.Build.0 = Release|Any CPU
		{4C29D328-2221-BEEB-FDBB-E772EA262183}.Debug|Any CPU.ActiveCfg = Debug|Any CPU
		{4C29D328-2221-BEEB-FDBB-E772EA262183}.Debug|Any CPU.Build.0 = Debug|Any CPU
		{4C29D328-2221-BEEB-FDBB-E772EA262183}.Release|Any CPU.ActiveCfg = Release|Any CPU
		{4C29D328-2221-BEEB-FDBB-E772EA262183}.Release|Any CPU.Build.0 = Release|Any CPU
		{1DB79010-3486-AA9E-77E2-D05B3D42E410}.Debug|Any CPU.ActiveCfg = Debug|Any CPU
		{1DB79010-3486-AA9E-77E2-D05B3D42E410}.Debug|Any CPU.Build.0 = Debug|Any CPU
		{1DB79010-3486-AA9E-77E2-D05B3D42E410}.Release|Any CPU.ActiveCfg = Release|Any CPU
		{1DB79010-3486-AA9E-77E2-D05B3D42E410}.Release|Any CPU.Build.0 = Release|Any CPU
		{11A50572-0401-9B8D-15EA-F3DAEA8F4479}.Debug|Any CPU.ActiveCfg = Debug|Any CPU
		{11A50572-0401-9B8D-15EA-F3DAEA8F4479}.Debug|Any CPU.Build.0 = Debug|Any CPU
		{11A50572-0401-9B8D-15EA-F3DAEA8F4479}.Release|Any CPU.ActiveCfg = Release|Any CPU
		{11A50572-0401-9B8D-15EA-F3DAEA8F4479}.Release|Any CPU.Build.0 = Release|Any CPU
		{0DFAEB49-923E-B297-B0C2-351FB14AF2C9}.Debug|Any CPU.ActiveCfg = Debug|Any CPU
		{0DFAEB49-923E-B297-B0C2-351FB14AF2C9}.Debug|Any CPU.Build.0 = Debug|Any CPU
		{0DFAEB49-923E-B297-B0C2-351FB14AF2C9}.Release|Any CPU.ActiveCfg = Release|Any CPU
		{0DFAEB49-923E-B297-B0C2-351FB14AF2C9}.Release|Any CPU.Build.0 = Release|Any CPU
		{66268B40-D8ED-CAB2-0197-AC4A22957BB7}.Debug|Any CPU.ActiveCfg = Debug|Any CPU
		{66268B40-D8ED-CAB2-0197-AC4A22957BB7}.Debug|Any CPU.Build.0 = Debug|Any CPU
		{66268B40-D8ED-CAB2-0197-AC4A22957BB7}.Release|Any CPU.ActiveCfg = Release|Any CPU
		{66268B40-D8ED-CAB2-0197-AC4A22957BB7}.Release|Any CPU.Build.0 = Release|Any CPU
		{99CC1DC8-0CC9-E734-8DAC-EC9CEE51BC28}.Debug|Any CPU.ActiveCfg = Debug|Any CPU
		{99CC1DC8-0CC9-E734-8DAC-EC9CEE51BC28}.Debug|Any CPU.Build.0 = Debug|Any CPU
		{99CC1DC8-0CC9-E734-8DAC-EC9CEE51BC28}.Release|Any CPU.ActiveCfg = Release|Any CPU
		{99CC1DC8-0CC9-E734-8DAC-EC9CEE51BC28}.Release|Any CPU.Build.0 = Release|Any CPU
		{20993762-DDF6-54A5-420D-99FED77DD922}.Debug|Any CPU.ActiveCfg = Debug|Any CPU
		{20993762-DDF6-54A5-420D-99FED77DD922}.Debug|Any CPU.Build.0 = Debug|Any CPU
		{20993762-DDF6-54A5-420D-99FED77DD922}.Release|Any CPU.ActiveCfg = Release|Any CPU
		{20993762-DDF6-54A5-420D-99FED77DD922}.Release|Any CPU.Build.0 = Release|Any CPU
		{B00E57ED-4BCC-0240-EDCD-4559F3BC3964}.Debug|Any CPU.ActiveCfg = Debug|Any CPU
		{B00E57ED-4BCC-0240-EDCD-4559F3BC3964}.Debug|Any CPU.Build.0 = Debug|Any CPU
		{B00E57ED-4BCC-0240-EDCD-4559F3BC3964}.Release|Any CPU.ActiveCfg = Release|Any CPU
		{B00E57ED-4BCC-0240-EDCD-4559F3BC3964}.Release|Any CPU.Build.0 = Release|Any CPU
	EndGlobalSection
	GlobalSection(SolutionProperties) = preSolution
		HideSolutionNode = FALSE
	EndGlobalSection
EndGlobal
